
Microsoft Visual Studio Solution File, Format Version 12.00
# Visual Studio Version 17
VisualStudioVersion = 17.0.31903.59
MinimumVisualStudioVersion = 10.0.40219.1
Project("{FAE04EC0-301F-11D3-BF4B-00C04F79EFBC}") = "Hn.Api", "Hn.Api\Hn.Api.csproj", "{40011C69-8A5E-427E-84F4-A788432DA44C}"
EndProject
Project("{FAE04EC0-301F-11D3-BF4B-00C04F79EFBC}") = "Hn.Api.Tests", "Hn.Api.Tests\Hn.Api.Tests.csproj", "{38AEEB38-B782-4AAA-8FFE-02FD7CBA8AFB}"
EndProject
Global
	GlobalSection(SolutionConfigurationPlatforms) = preSolution
		Debug|Any CPU = Debug|Any CPU
		Release|Any CPU = Release|Any CPU
	EndGlobalSection
	GlobalSection(SolutionProperties) = preSolution
		HideSolutionNode = FALSE
	EndGlobalSection
	GlobalSection(ProjectConfigurationPlatforms) = postSolution
		{40011C69-8A5E-427E-84F4-A788432DA44C}.Debug|Any CPU.ActiveCfg = Debug|Any CPU
		{40011C69-8A5E-427E-84F4-A788432DA44C}.Debug|Any CPU.Build.0 = Debug|Any CPU
		{40011C69-8A5E-427E-84F4-A788432DA44C}.Release|Any CPU.ActiveCfg = Release|Any CPU
		{40011C69-8A5E-427E-84F4-A788432DA44C}.Release|Any CPU.Build.0 = Release|Any CPU
		{38AEEB38-B782-4AAA-8FFE-02FD7CBA8AFB}.Debug|Any CPU.ActiveCfg = Debug|Any CPU
		{38AEEB38-B782-4AAA-8FFE-02FD7CBA8AFB}.Debug|Any CPU.Build.0 = Debug|Any CPU
		{38AEEB38-B782-4AAA-8FFE-02FD7CBA8AFB}.Release|Any CPU.ActiveCfg = Release|Any CPU
		{38AEEB38-B782-4AAA-8FFE-02FD7CBA8AFB}.Release|Any CPU.Build.0 = Release|Any CPU
	EndGlobalSection
EndGlobal
